{
    "name": "node-red-project",
    "version": "0.0.1",
    "lockfileVersion": 1,
    "requires": true,
    "dependencies": {
        "node-red-contrib-bool-gate": {
            "version": "1.0.2",
            "resolved": "https://registry.npmjs.org/node-red-contrib-bool-gate/-/node-red-contrib-bool-gate-1.0.2.tgz",
            "integrity": "sha1-ovkcaxBdT/i0YHAVsU09lYjq0a0="
        }
    }
}
